
Microsoft Visual Studio Solution File, Format Version 12.00
# Visual Studio 15
VisualStudioVersion = 15.0.28307.136
MinimumVisualStudioVersion = 10.0.40219.1
Project("{8BC9CEB8-8B4A-11D0-8D11-00A0C91BC942}") = "Task1", "Task1\Task1.vcxproj", "{D5EF63C7-A69D-401E-B427-C2F3A427D733}"
EndProject
Project("{8BC9CEB8-8B4A-11D0-8D11-00A0C91BC942}") = "Task2", "Task2\Task2.vcxproj", "{BC78937B-C52F-4350-9944-6876E8E63364}"
EndProject
Project("{8BC9CEB8-8B4A-11D0-8D11-00A0C91BC942}") = "Task3", "Task3\Task3.vcxproj", "{3561C50C-BCB3-4D08-A241-70A07381046A}"
EndProject
Project("{8BC9CEB8-8B4A-11D0-8D11-00A0C91BC942}") = "Task4", "Task4\Task4.vcxproj", "{F31A8E89-7CF6-4A1E-8A33-94ACF79DAA54}"
EndProject
Project("{8BC9CEB8-8B4A-11D0-8D11-00A0C91BC942}") = "Task5", "Task5\Task5.vcxproj", "{9A94FA18-0432-48A2-81A3-9768572EC420}"
EndProject
Project("{8BC9CEB8-8B4A-11D0-8D11-00A0C91BC942}") = "Task6", "Task6\Task6.vcxproj", "{5F733A9B-3C96-4417-AAC0-9BDE829E583F}"
EndProject
Project("{2150E333-8FDC-42A3-9474-1A3956D46DE8}") = "Solution Items", "Solution Items", "{431FB660-72C2-4D0D-B4DA-0FAAD069B052}"
	ProjectSection(SolutionItems) = preProject
		Task7.txt = Task7.txt
	EndProjectSection
EndProject
Global
	GlobalSection(SolutionConfigurationPlatforms) = preSolution
		Debug|x64 = Debug|x64
		Debug|x86 = Debug|x86
		Release|x64 = Release|x64
		Release|x86 = Release|x86
	EndGlobalSection
	GlobalSection(ProjectConfigurationPlatforms) = postSolution
		{D5EF63C7-A69D-401E-B427-C2F3A427D733}.Debug|x64.ActiveCfg = Debug|x64
		{D5EF63C7-A69D-401E-B427-C2F3A427D733}.Debug|x64.Build.0 = Debug|x64
		{D5EF63C7-A69D-401E-B427-C2F3A427D733}.Debug|x86.ActiveCfg = Debug|Win32
		{D5EF63C7-A69D-401E-B427-C2F3A427D733}.Debug|x86.Build.0 = Debug|Win32
		{D5EF63C7-A69D-401E-B427-C2F3A427D733}.Release|x64.ActiveCfg = Release|x64
		{D5EF63C7-A69D-401E-B427-C2F3A427D733}.Release|x64.Build.0 = Release|x64
		{D5EF63C7-A69D-401E-B427-C2F3A427D733}.Release|x86.ActiveCfg = Release|Win32
		{D5EF63C7-A69D-401E-B427-C2F3A427D733}.Release|x86.Build.0 = Release|Win32
		{BC78937B-C52F-4350-9944-6876E8E63364}.Debug|x64.ActiveCfg = Debug|x64
		{BC78937B-C52F-4350-9944-6876E8E63364}.Debug|x64.Build.0 = Debug|x64
		{BC78937B-C52F-4350-9944-6876E8E63364}.Debug|x86.ActiveCfg = Debug|Win32
		{BC78937B-C52F-4350-9944-6876E8E63364}.Debug|x86.Build.0 = Debug|Win32
		{BC78937B-C52F-4350-9944-6876E8E63364}.Release|x64.ActiveCfg = Release|x64
		{BC78937B-C52F-4350-9944-6876E8E63364}.Release|x64.Build.0 = Release|x64
		{BC78937B-C52F-4350-9944-6876E8E63364}.Release|x86.ActiveCfg = Release|Win32
		{BC78937B-C52F-4350-9944-6876E8E63364}.Release|x86.Build.0 = Release|Win32
		{3561C50C-BCB3-4D08-A241-70A07381046A}.Debug|x64.ActiveCfg = Debug|x64
		{3561C50C-BCB3-4D08-A241-70A07381046A}.Debug|x64.Build.0 = Debug|x64
		{3561C50C-BCB3-4D08-A241-70A07381046A}.Debug|x86.ActiveCfg = Debug|Win32
		{3561C50C-BCB3-4D08-A241-70A07381046A}.Debug|x86.Build.0 = Debug|Win32
		{3561C50C-BCB3-4D08-A241-70A07381046A}.Release|x64.ActiveCfg = Release|x64
		{3561C50C-BCB3-4D08-A241-70A07381046A}.Release|x64.Build.0 = Release|x64
		{3561C50C-BCB3-4D08-A241-70A07381046A}.Release|x86.ActiveCfg = Release|Win32
		{3561C50C-BCB3-4D08-A241-70A07381046A}.Release|x86.Build.0 = Release|Win32
		{F31A8E89-7CF6-4A1E-8A33-94ACF79DAA54}.Debug|x64.ActiveCfg = Debug|x64
		{F31A8E89-7CF6-4A1E-8A33-94ACF79DAA54}.Debug|x64.Build.0 = Debug|x64
		{F31A8E89-7CF6-4A1E-8A33-94ACF79DAA54}.Debug|x86.ActiveCfg = Debug|Win32
		{F31A8E89-7CF6-4A1E-8A33-94ACF79DAA54}.Debug|x86.Build.0 = Debug|Win32
		{F31A8E89-7CF6-4A1E-8A33-94ACF79DAA54}.Release|x64.ActiveCfg = Release|x64
		{F31A8E89-7CF6-4A1E-8A33-94ACF79DAA54}.Release|x64.Build.0 = Release|x64
		{F31A8E89-7CF6-4A1E-8A33-94ACF79DAA54}.Release|x86.ActiveCfg = Release|Win32
		{F31A8E89-7CF6-4A1E-8A33-94ACF79DAA54}.Release|x86.Build.0 = Release|Win32
		{9A94FA18-0432-48A2-81A3-9768572EC420}.Debug|x64.ActiveCfg = Debug|x64
		{9A94FA18-0432-48A2-81A3-9768572EC420}.Debug|x64.Build.0 = Debug|x64
		{9A94FA18-0432-48A2-81A3-9768572EC420}.Debug|x86.ActiveCfg = Debug|Win32
		{9A94FA18-0432-48A2-81A3-9768572EC420}.Debug|x86.Build.0 = Debug|Win32
		{9A94FA18-0432-48A2-81A3-9768572EC420}.Release|x64.ActiveCfg = Release|x64
		{9A94FA18-0432-48A2-81A3-9768572EC420}.Release|x64.Build.0 = Release|x64
		{9A94FA18-0432-48A2-81A3-9768572EC420}.Release|x86.ActiveCfg = Release|Win32
		{9A94FA18-0432-48A2-81A3-9768572EC420}.Release|x86.Build.0 = Release|Win32
		{5F733A9B-3C96-4417-AAC0-9BDE829E583F}.Debug|x64.ActiveCfg = Debug|x64
		{5F733A9B-3C96-4417-AAC0-9BDE829E583F}.Debug|x64.Build.0 = Debug|x64
		{5F733A9B-3C96-4417-AAC0-9BDE829E583F}.Debug|x86.ActiveCfg = Debug|Win32
		{5F733A9B-3C96-4417-AAC0-9BDE829E583F}.Debug|x86.Build.0 = Debug|Win32
		{5F733A9B-3C96-4417-AAC0-9BDE829E583F}.Release|x64.ActiveCfg = Release|x64
		{5F733A9B-3C96-4417-AAC0-9BDE829E583F}.Release|x64.Build.0 = Release|x64
		{5F733A9B-3C96-4417-AAC0-9BDE829E583F}.Release|x86.ActiveCfg = Release|Win32
		{5F733A9B-3C96-4417-AAC0-9BDE829E583F}.Release|x86.Build.0 = Release|Win32
	EndGlobalSection
	GlobalSection(SolutionProperties) = preSolution
		HideSolutionNode = FALSE
	EndGlobalSection
	GlobalSection(ExtensibilityGlobals) = postSolution
		SolutionGuid = {BB9EF7C5-3166-4EFF-AD72-CD2FE2E97668}
	EndGlobalSection
EndGlobal
